{
  "nodes": {
    "home-manager": {
      "inputs": {
        "nixpkgs": [
          "nixos"
        ]
      },
      "locked": {
        "lastModified": 1667907331,
        "narHash": "sha256-bHkAwkYlBjkupPUFcQjimNS8gxWSWjOTevEuwdnp5m0=",
        "owner": "nix-community",
        "repo": "home-manager",
        "rev": "6639e3a837fc5deb6f99554072789724997bc8e5",
        "type": "github"
      },
      "original": {
        "owner": "nix-community",
        "ref": "release-22.05",
        "repo": "home-manager",
        "type": "github"
      }
    },
    "nixos": {
      "locked": {
        "lastModified": 1667921968,
        "narHash": "sha256-EI+//LbhUzX471LHq8GgB+oUHpdA2rsiXpY1q5tDYGw=",
        "owner": "nixos",
        "repo": "nixpkgs",
        "rev": "df2bcbbd1c2aa144261cf1b0003c889c075dc693",
        "type": "github"
      },
      "original": {
        "owner": "nixos",
        "ref": "nixos-22.05",
        "repo": "nixpkgs",
        "type": "github"
      }
    },
    "nixpkgs-22_05": {
      "locked": {
        "lastModified": 1667091951,
        "narHash": "sha256-62sz0fn06Nq8OaeBYrYSR3Y6hUcp8/PC4dJ7HeGaOhU=",
        "owner": "NixOS",
        "repo": "nixpkgs",
        "rev": "6440d13df2327d2db13d3b17e419784020b71d22",
        "type": "github"
      },
      "original": {
        "owner": "NixOS",
        "ref": "release-22.05",
        "repo": "nixpkgs",
        "type": "github"
      }
    },
    "root": {
      "inputs": {
        "home-manager": "home-manager",
        "nixos": "nixos",
        "secret": "secret",
        "sops-nix": "sops-nix"
      }
    },
    "secret": {
      "flake": false,
      "locked": {
        "lastModified": 1652006335,
        "narHash": "sha256-ZFr9+epysrRUcRSq8fdeTWYe5+lKcO0+YJdEgE40y+Y=",
        "path": "/data/danlamnixosagekey",
        "type": "path"
      },
      "original": {
        "path": "/data/danlamnixosagekey",
        "type": "path"
      }
    },
    "sops-nix": {
      "inputs": {
        "nixpkgs": [
          "nixos"
        ],
        "nixpkgs-22_05": "nixpkgs-22_05"
      },
      "locked": {
        "lastModified": 1667767301,
        "narHash": "sha256-+UDtEkw6pZ+sqkC0Um5ocJ9kjvuu0qffSCbl+jAA8K8=",
        "owner": "Mic92",
        "repo": "sops-nix",
        "rev": "4407353739ad74a3d9744cf2988ab10f3b83e288",
        "type": "github"
      },
      "original": {
        "owner": "Mic92",
        "repo": "sops-nix",
        "type": "github"
      }
    }
  },
  "root": "root",
  "version": 7
}
