{
  "nodes": {
    "home-manager": {
      "inputs": {
        "nixpkgs": [
          "nixos"
        ]
      },
      "locked": {
        "lastModified": 1667676221,
        "narHash": "sha256-DMzjYiEMT/m0KRrDtADhlQTypnQ7x1OhHvRqPNi7DoM=",
        "owner": "nix-community",
        "repo": "home-manager",
        "rev": "d148e1dd61e2d0a20efb32ef57d6d63935afd939",
        "type": "github"
      },
      "original": {
        "owner": "nix-community",
        "ref": "release-22.05",
        "repo": "home-manager",
        "type": "github"
      }
    },
    "nixos": {
      "locked": {
        "lastModified": 1667564121,
        "narHash": "sha256-DlR65WyEW78cBmnOhxDzfvNQ9euJEGctSl77olqEaLg=",
        "owner": "nixos",
        "repo": "nixpkgs",
        "rev": "1404483f4531560aad73bdebae4096881c910ac0",
        "type": "github"
      },
      "original": {
        "owner": "nixos",
        "ref": "nixos-22.05",
        "repo": "nixpkgs",
        "type": "github"
      }
    },
    "root": {
      "inputs": {
        "home-manager": "home-manager",
        "nixos": "nixos"
      }
    }
  },
  "root": "root",
  "version": 7
}
